# Generated by pub
# See https://dart.dev/tools/pub/glossary#lockfile
packages:
  very_good_analysis:
    dependency: transitive
    description:
      name: very_good_analysis
      sha256: "5e4ea72d2a9188630f0dd8f120a541de730090ef8863243fedca8267a84508b8"
      url: "https://pub.dev"
    source: hosted
    version: "5.0.0+1"
  zoo_lints:
    dependency: "direct main"
    description:
      path: ".."
      relative: true
    source: path
    version: "3.0.0"
sdks:
  dart: ">=3.0.0 <4.0.0"
